# This file was autogenerated by Stack.
# You should not edit this file by hand.
# For more information, please see the documentation at:
#   https://docs.haskellstack.org/en/stable/lock_files

packages:
- completed:
    hackage: optics-core-0.4.1@sha256:63f5adf60b64415046113face11c913e251f39eba467c5eec8728c9dd113055d,5531
    pantry-tree:
      size: 5380
      sha256: 022f809c592cdc32272b3bc01e54964a174d2ecbb3712fd9d3b99274deedd9c9
  original:
    hackage: optics-core-0.4.1
snapshots:
- completed:
    size: 586296
    url: https://raw.githubusercontent.com/commercialhaskell/stackage-snapshots/master/lts/18/18.yaml
    sha256: 63539429076b7ebbab6daa7656cfb079393bf644971156dc349d7c0453694ac2
  original: lts-18.18
